
Microsoft Visual Studio Solution File, Format Version 12.00
# Visual Studio Version 16
VisualStudioVersion = 16.0.32802.440
MinimumVisualStudioVersion = 10.0.40219.1
Project("{8BC9CEB8-8B4A-11D0-8D11-00A0C91BC942}") = "09_08", "09_08\09_08.vcxproj", "{B75113E4-9752-46CD-807D-4486EB04BBE1}"
EndProject
Global
	GlobalSection(SolutionConfigurationPlatforms) = preSolution
		Debug|x64 = Debug|x64
		Debug|x86 = Debug|x86
		Release|x64 = Release|x64
		Release|x86 = Release|x86
	EndGlobalSection
	GlobalSection(ProjectConfigurationPlatforms) = postSolution
		{B75113E4-9752-46CD-807D-4486EB04BBE1}.Debug|x64.ActiveCfg = Debug|x64
		{B75113E4-9752-46CD-807D-4486EB04BBE1}.Debug|x64.Build.0 = Debug|x64
		{B75113E4-9752-46CD-807D-4486EB04BBE1}.Debug|x86.ActiveCfg = Debug|Win32
		{B75113E4-9752-46CD-807D-4486EB04BBE1}.Debug|x86.Build.0 = Debug|Win32
		{B75113E4-9752-46CD-807D-4486EB04BBE1}.Release|x64.ActiveCfg = Release|x64
		{B75113E4-9752-46CD-807D-4486EB04BBE1}.Release|x64.Build.0 = Release|x64
		{B75113E4-9752-46CD-807D-4486EB04BBE1}.Release|x86.ActiveCfg = Release|Win32
		{B75113E4-9752-46CD-807D-4486EB04BBE1}.Release|x86.Build.0 = Release|Win32
	EndGlobalSection
	GlobalSection(SolutionProperties) = preSolution
		HideSolutionNode = FALSE
	EndGlobalSection
	GlobalSection(ExtensibilityGlobals) = postSolution
		SolutionGuid = {E792F1BD-4A1A-463C-8197-E15F0633AE72}
	EndGlobalSection
EndGlobal
